
Microsoft Visual Studio Solution File, Format Version 12.00
# Visual Studio Version 16
VisualStudioVersion = 16.0.31515.178
MinimumVisualStudioVersion = 10.0.40219.1
Project("{FAE04EC0-301F-11D3-BF4B-00C04F79EFBC}") = "SelectionStatementsExcercise part 2", "SelectionStatementsExcercise part 2\SelectionStatementsExcercise part 2.csproj", "{FCCB3022-69F8-4695-B13F-E9742953A73C}"
EndProject
Global
	GlobalSection(SolutionConfigurationPlatforms) = preSolution
		Debug|Any CPU = Debug|Any CPU
		Release|Any CPU = Release|Any CPU
	EndGlobalSection
	GlobalSection(ProjectConfigurationPlatforms) = postSolution
		{FCCB3022-69F8-4695-B13F-E9742953A73C}.Debug|Any CPU.ActiveCfg = Debug|Any CPU
		{FCCB3022-69F8-4695-B13F-E9742953A73C}.Debug|Any CPU.Build.0 = Debug|Any CPU
		{FCCB3022-69F8-4695-B13F-E9742953A73C}.Release|Any CPU.ActiveCfg = Release|Any CPU
		{FCCB3022-69F8-4695-B13F-E9742953A73C}.Release|Any CPU.Build.0 = Release|Any CPU
	EndGlobalSection
	GlobalSection(SolutionProperties) = preSolution
		HideSolutionNode = FALSE
	EndGlobalSection
	GlobalSection(ExtensibilityGlobals) = postSolution
		SolutionGuid = {4110DDE3-F16C-4BCB-9998-5F0689BDC01B}
	EndGlobalSection
EndGlobal
